
Microsoft Visual Studio Solution File, Format Version 12.00
# Visual Studio Version 17
VisualStudioVersion = 17.9.34902.65
MinimumVisualStudioVersion = 10.0.40219.1
Project("{9A19103F-16F7-4668-BE54-9A1E7A4F7556}") = "RectangleArea", "RectangleArea\RectangleArea.csproj", "{61B351ED-1C5E-4F9A-840A-B00F0AAAD3E6}"
EndProject
Project("{9A19103F-16F7-4668-BE54-9A1E7A4F7556}") = "TrapezoidArea", "TrapezoidArea\TrapezoidArea.csproj", "{46888515-6B93-4F4A-8665-72E43EC7E159}"
EndProject
Project("{9A19103F-16F7-4668-BE54-9A1E7A4F7556}") = "InchesToCentimeters", "InchesToCentimeters\InchesToCentimeters.csproj", "{0C618EFD-A12E-4734-960A-CC787EAED1E3}"
EndProject
Global
	GlobalSection(SolutionConfigurationPlatforms) = preSolution
		Debug|Any CPU = Debug|Any CPU
		Release|Any CPU = Release|Any CPU
	EndGlobalSection
	GlobalSection(ProjectConfigurationPlatforms) = postSolution
		{61B351ED-1C5E-4F9A-840A-B00F0AAAD3E6}.Debug|Any CPU.ActiveCfg = Debug|Any CPU
		{61B351ED-1C5E-4F9A-840A-B00F0AAAD3E6}.Debug|Any CPU.Build.0 = Debug|Any CPU
		{61B351ED-1C5E-4F9A-840A-B00F0AAAD3E6}.Release|Any CPU.ActiveCfg = Release|Any CPU
		{61B351ED-1C5E-4F9A-840A-B00F0AAAD3E6}.Release|Any CPU.Build.0 = Release|Any CPU
		{46888515-6B93-4F4A-8665-72E43EC7E159}.Debug|Any CPU.ActiveCfg = Debug|Any CPU
		{46888515-6B93-4F4A-8665-72E43EC7E159}.Debug|Any CPU.Build.0 = Debug|Any CPU
		{46888515-6B93-4F4A-8665-72E43EC7E159}.Release|Any CPU.ActiveCfg = Release|Any CPU
		{46888515-6B93-4F4A-8665-72E43EC7E159}.Release|Any CPU.Build.0 = Release|Any CPU
		{0C618EFD-A12E-4734-960A-CC787EAED1E3}.Debug|Any CPU.ActiveCfg = Debug|Any CPU
		{0C618EFD-A12E-4734-960A-CC787EAED1E3}.Debug|Any CPU.Build.0 = Debug|Any CPU
		{0C618EFD-A12E-4734-960A-CC787EAED1E3}.Release|Any CPU.ActiveCfg = Release|Any CPU
		{0C618EFD-A12E-4734-960A-CC787EAED1E3}.Release|Any CPU.Build.0 = Release|Any CPU
	EndGlobalSection
	GlobalSection(SolutionProperties) = preSolution
		HideSolutionNode = FALSE
	EndGlobalSection
	GlobalSection(ExtensibilityGlobals) = postSolution
		SolutionGuid = {A97EF33B-531B-4669-842B-EE5FE43C9366}
	EndGlobalSection
EndGlobal
